
Microsoft Visual Studio Solution File, Format Version 12.00
# Visual Studio 15
VisualStudioVersion = 15.0.26730.16
MinimumVisualStudioVersion = 10.0.40219.1
Project("{8BC9CEB8-8B4A-11D0-8D11-00A0C91BC942}") = "MYKEY", "MYKEY\MYKEY.vcxproj", "{07CF0260-5F75-46C3-B901-29E8D8F059CF}"
EndProject
Global
	GlobalSection(SolutionConfigurationPlatforms) = preSolution
		Debug|x64 = Debug|x64
		Debug|x86 = Debug|x86
		Release|x64 = Release|x64
		Release|x86 = Release|x86
	EndGlobalSection
	GlobalSection(ProjectConfigurationPlatforms) = postSolution
		{07CF0260-5F75-46C3-B901-29E8D8F059CF}.Debug|x64.ActiveCfg = Debug|x64
		{07CF0260-5F75-46C3-B901-29E8D8F059CF}.Debug|x64.Build.0 = Debug|x64
		{07CF0260-5F75-46C3-B901-29E8D8F059CF}.Debug|x86.ActiveCfg = Debug|Win32
		{07CF0260-5F75-46C3-B901-29E8D8F059CF}.Debug|x86.Build.0 = Debug|Win32
		{07CF0260-5F75-46C3-B901-29E8D8F059CF}.Release|x64.ActiveCfg = Release|x64
		{07CF0260-5F75-46C3-B901-29E8D8F059CF}.Release|x64.Build.0 = Release|x64
		{07CF0260-5F75-46C3-B901-29E8D8F059CF}.Release|x86.ActiveCfg = Release|Win32
		{07CF0260-5F75-46C3-B901-29E8D8F059CF}.Release|x86.Build.0 = Release|Win32
	EndGlobalSection
	GlobalSection(SolutionProperties) = preSolution
		HideSolutionNode = FALSE
	EndGlobalSection
	GlobalSection(ExtensibilityGlobals) = postSolution
		SolutionGuid = {CFF6B96D-7663-455A-B63B-755E5A8197C4}
	EndGlobalSection
EndGlobal
